
Microsoft Visual Studio Solution File, Format Version 12.00
# Visual Studio Version 17
VisualStudioVersion = 17.7.34018.315
MinimumVisualStudioVersion = 10.0.40219.1
Project("{FAE04EC0-301F-11D3-BF4B-00C04F79EFBC}") = "MusikApp", "MusikApp\MusikApp.csproj", "{A5AFBF85-25AB-47C0-AF7D-35473668F080}"
EndProject
Project("{FAE04EC0-301F-11D3-BF4B-00C04F79EFBC}") = "AppRepository", "AppRepository\AppRepository.csproj", "{75E54674-D5C0-45B2-9427-C3CB2FB6F511}"
EndProject
Project("{FAE04EC0-301F-11D3-BF4B-00C04F79EFBC}") = "AppDBAccess", "AppDBAccess\AppDBAccess.csproj", "{76AE1F86-C55C-4D67-8CA9-ED518DC7078A}"
EndProject
Project("{FAE04EC0-301F-11D3-BF4B-00C04F79EFBC}") = "MusikAPI", "MusikAPI\MusikAPI.csproj", "{C483AF9B-5788-4484-AA95-45C92B96F221}"
EndProject
Project("{FAE04EC0-301F-11D3-BF4B-00C04F79EFBC}") = "ApiRepository", "ApiRepository\ApiRepository.csproj", "{FA6C2FA9-0D1B-4EE0-93F6-0FE60BBC49D9}"
EndProject
Project("{FAE04EC0-301F-11D3-BF4B-00C04F79EFBC}") = "ApiDBAccess", "ApiDBAccess\ApiDBAccess.csproj", "{07968CDA-C388-497F-99AC-DFC3FAC9EDAB}"
EndProject
Project("{FAE04EC0-301F-11D3-BF4B-00C04F79EFBC}") = "AppModels", "AppModels\AppModels.csproj", "{4BA38029-31C9-4504-924D-26D72F281791}"
EndProject
Project("{FAE04EC0-301F-11D3-BF4B-00C04F79EFBC}") = "AppDTOModels", "AppDTOModels\AppDTOModels.csproj", "{05657179-5E67-4E91-B03D-0C0BAF9B6C9E}"
EndProject
Project("{FAE04EC0-301F-11D3-BF4B-00C04F79EFBC}") = "ApiModels", "ApiModels\ApiModels.csproj", "{EB599A41-A3B5-4F46-A578-BEC6A50CFE4A}"
EndProject
Project("{FAE04EC0-301F-11D3-BF4B-00C04F79EFBC}") = "ApiDTOModels", "ApiDTOModels\ApiDTOModels.csproj", "{AA196603-E040-44FE-B36C-5C63E40788D8}"
EndProject
Global
	GlobalSection(SolutionConfigurationPlatforms) = preSolution
		Debug|Any CPU = Debug|Any CPU
		Release|Any CPU = Release|Any CPU
	EndGlobalSection
	GlobalSection(ProjectConfigurationPlatforms) = postSolution
		{A5AFBF85-25AB-47C0-AF7D-35473668F080}.Debug|Any CPU.ActiveCfg = Debug|Any CPU
		{A5AFBF85-25AB-47C0-AF7D-35473668F080}.Debug|Any CPU.Build.0 = Debug|Any CPU
		{A5AFBF85-25AB-47C0-AF7D-35473668F080}.Debug|Any CPU.Deploy.0 = Debug|Any CPU
		{A5AFBF85-25AB-47C0-AF7D-35473668F080}.Release|Any CPU.ActiveCfg = Release|Any CPU
		{A5AFBF85-25AB-47C0-AF7D-35473668F080}.Release|Any CPU.Build.0 = Release|Any CPU
		{A5AFBF85-25AB-47C0-AF7D-35473668F080}.Release|Any CPU.Deploy.0 = Release|Any CPU
		{75E54674-D5C0-45B2-9427-C3CB2FB6F511}.Debug|Any CPU.ActiveCfg = Debug|Any CPU
		{75E54674-D5C0-45B2-9427-C3CB2FB6F511}.Debug|Any CPU.Build.0 = Debug|Any CPU
		{75E54674-D5C0-45B2-9427-C3CB2FB6F511}.Release|Any CPU.ActiveCfg = Release|Any CPU
		{75E54674-D5C0-45B2-9427-C3CB2FB6F511}.Release|Any CPU.Build.0 = Release|Any CPU
		{76AE1F86-C55C-4D67-8CA9-ED518DC7078A}.Debug|Any CPU.ActiveCfg = Debug|Any CPU
		{76AE1F86-C55C-4D67-8CA9-ED518DC7078A}.Debug|Any CPU.Build.0 = Debug|Any CPU
		{76AE1F86-C55C-4D67-8CA9-ED518DC7078A}.Release|Any CPU.ActiveCfg = Release|Any CPU
		{76AE1F86-C55C-4D67-8CA9-ED518DC7078A}.Release|Any CPU.Build.0 = Release|Any CPU
		{C483AF9B-5788-4484-AA95-45C92B96F221}.Debug|Any CPU.ActiveCfg = Debug|Any CPU
		{C483AF9B-5788-4484-AA95-45C92B96F221}.Debug|Any CPU.Build.0 = Debug|Any CPU
		{C483AF9B-5788-4484-AA95-45C92B96F221}.Release|Any CPU.ActiveCfg = Release|Any CPU
		{C483AF9B-5788-4484-AA95-45C92B96F221}.Release|Any CPU.Build.0 = Release|Any CPU
		{FA6C2FA9-0D1B-4EE0-93F6-0FE60BBC49D9}.Debug|Any CPU.ActiveCfg = Debug|Any CPU
		{FA6C2FA9-0D1B-4EE0-93F6-0FE60BBC49D9}.Debug|Any CPU.Build.0 = Debug|Any CPU
		{FA6C2FA9-0D1B-4EE0-93F6-0FE60BBC49D9}.Release|Any CPU.ActiveCfg = Release|Any CPU
		{FA6C2FA9-0D1B-4EE0-93F6-0FE60BBC49D9}.Release|Any CPU.Build.0 = Release|Any CPU
		{07968CDA-C388-497F-99AC-DFC3FAC9EDAB}.Debug|Any CPU.ActiveCfg = Debug|Any CPU
		{07968CDA-C388-497F-99AC-DFC3FAC9EDAB}.Debug|Any CPU.Build.0 = Debug|Any CPU
		{07968CDA-C388-497F-99AC-DFC3FAC9EDAB}.Release|Any CPU.ActiveCfg = Release|Any CPU
		{07968CDA-C388-497F-99AC-DFC3FAC9EDAB}.Release|Any CPU.Build.0 = Release|Any CPU
		{4BA38029-31C9-4504-924D-26D72F281791}.Debug|Any CPU.ActiveCfg = Debug|Any CPU
		{4BA38029-31C9-4504-924D-26D72F281791}.Debug|Any CPU.Build.0 = Debug|Any CPU
		{4BA38029-31C9-4504-924D-26D72F281791}.Release|Any CPU.ActiveCfg = Release|Any CPU
		{4BA38029-31C9-4504-924D-26D72F281791}.Release|Any CPU.Build.0 = Release|Any CPU
		{05657179-5E67-4E91-B03D-0C0BAF9B6C9E}.Debug|Any CPU.ActiveCfg = Debug|Any CPU
		{05657179-5E67-4E91-B03D-0C0BAF9B6C9E}.Debug|Any CPU.Build.0 = Debug|Any CPU
		{05657179-5E67-4E91-B03D-0C0BAF9B6C9E}.Release|Any CPU.ActiveCfg = Release|Any CPU
		{05657179-5E67-4E91-B03D-0C0BAF9B6C9E}.Release|Any CPU.Build.0 = Release|Any CPU
		{EB599A41-A3B5-4F46-A578-BEC6A50CFE4A}.Debug|Any CPU.ActiveCfg = Debug|Any CPU
		{EB599A41-A3B5-4F46-A578-BEC6A50CFE4A}.Debug|Any CPU.Build.0 = Debug|Any CPU
		{EB599A41-A3B5-4F46-A578-BEC6A50CFE4A}.Release|Any CPU.ActiveCfg = Release|Any CPU
		{EB599A41-A3B5-4F46-A578-BEC6A50CFE4A}.Release|Any CPU.Build.0 = Release|Any CPU
		{AA196603-E040-44FE-B36C-5C63E40788D8}.Debug|Any CPU.ActiveCfg = Debug|Any CPU
		{AA196603-E040-44FE-B36C-5C63E40788D8}.Debug|Any CPU.Build.0 = Debug|Any CPU
		{AA196603-E040-44FE-B36C-5C63E40788D8}.Release|Any CPU.ActiveCfg = Release|Any CPU
		{AA196603-E040-44FE-B36C-5C63E40788D8}.Release|Any CPU.Build.0 = Release|Any CPU
	EndGlobalSection
	GlobalSection(SolutionProperties) = preSolution
		HideSolutionNode = FALSE
	EndGlobalSection
	GlobalSection(ExtensibilityGlobals) = postSolution
		SolutionGuid = {48BCFC41-C3F7-42FF-9393-AF884DD8ECD7}
	EndGlobalSection
EndGlobal
